
Microsoft Visual Studio Solution File, Format Version 12.00
# Visual Studio Version 16
VisualStudioVersion = 16.0.30413.136
MinimumVisualStudioVersion = 10.0.40219.1
Project("{FAE04EC0-301F-11D3-BF4B-00C04F79EFBC}") = "ServerSync", "ServerSync\ServerSync.csproj", "{56501113-F03D-4805-A6B2-E00D276C20D0}"
EndProject
Global
	GlobalSection(SolutionConfigurationPlatforms) = preSolution
		Debug|Any CPU = Debug|Any CPU
		Release|Any CPU = Release|Any CPU
	EndGlobalSection
	GlobalSection(ProjectConfigurationPlatforms) = postSolution
		{56501113-F03D-4805-A6B2-E00D276C20D0}.Debug|Any CPU.ActiveCfg = Debug|Any CPU
		{56501113-F03D-4805-A6B2-E00D276C20D0}.Debug|Any CPU.Build.0 = Debug|Any CPU
		{56501113-F03D-4805-A6B2-E00D276C20D0}.Release|Any CPU.ActiveCfg = Release|Any CPU
		{56501113-F03D-4805-A6B2-E00D276C20D0}.Release|Any CPU.Build.0 = Release|Any CPU
	EndGlobalSection
	GlobalSection(SolutionProperties) = preSolution
		HideSolutionNode = FALSE
	EndGlobalSection
	GlobalSection(ExtensibilityGlobals) = postSolution
		SolutionGuid = {0F45BB37-5913-4F54-9F18-94D3AD132315}
	EndGlobalSection
EndGlobal
